// !$*UTF8*$!
{
	archiveVersion = 1;
	classes = {
	};
	objectVersion = 55;
	objects = {

/* Begin PBXBuildFile section */
		3F085FA527F40A5B0074C71A /* DashboardViewController.swift in Sources */ = {isa = PBXBuildFile; fileRef = 3F085FA427F40A5B0074C71A /* DashboardViewController.swift */; };
		3FAFC94627F4BD3E007364AC /* ArgumentParser in Frameworks */ = {isa = PBXBuildFile; productRef = 3FAFC94527F4BD3E007364AC /* ArgumentParser */; };
		3FAFC98827FAAF25007364AC /* SignUpViewController.swift in Sources */ = {isa = PBXBuildFile; fileRef = 3FAFC98727FAAF25007364AC /* SignUpViewController.swift */; };
		3FFEB57C27EE209A0080C02D /* AppDelegate.swift in Sources */ = {isa = PBXBuildFile; fileRef = 3FFEB57B27EE209A0080C02D /* AppDelegate.swift */; };
		3FFEB57E27EE209A0080C02D /* SceneDelegate.swift in Sources */ = {isa = PBXBuildFile; fileRef = 3FFEB57D27EE209A0080C02D /* SceneDelegate.swift */; };
		3FFEB58027EE209A0080C02D /* LoginViewController.swift in Sources */ = {isa = PBXBuildFile; fileRef = 3FFEB57F27EE209A0080C02D /* LoginViewController.swift */; };
		3FFEB58327EE209A0080C02D /* Main.storyboard in Resources */ = {isa = PBXBuildFile; fileRef = 3FFEB58127EE209A0080C02D /* Main.storyboard */; };
		3FFEB58527EE209B0080C02D /* Assets.xcassets in Resources */ = {isa = PBXBuildFile; fileRef = 3FFEB58427EE209B0080C02D /* Assets.xcassets */; };
		3FFEB58827EE209B0080C02D /* LaunchScreen.storyboard in Resources */ = {isa = PBXBuildFile; fileRef = 3FFEB58627EE209B0080C02D /* LaunchScreen.storyboard */; };
		F83785AE28148AFC00BA4271 /* ReportViewController.swift in Sources */ = {isa = PBXBuildFile; fileRef = F83785AD28148AFC00BA4271 /* ReportViewController.swift */; };
		F83785B228149FC500BA4271 /* UIView.xib in Resources */ = {isa = PBXBuildFile; fileRef = F83785B128149FC500BA4271 /* UIView.xib */; };
		F83785B42814A50100BA4271 /* sample.pdf in Resources */ = {isa = PBXBuildFile; fileRef = F83785B32814A50100BA4271 /* sample.pdf */; };
		F83785B62814B3B500BA4271 /* QRViewController.swift in Sources */ = {isa = PBXBuildFile; fileRef = F83785B52814B3B500BA4271 /* QRViewController.swift */; };
/* End PBXBuildFile section */

/* Begin PBXFileReference section */
		3F085FA427F40A5B0074C71A /* DashboardViewController.swift */ = {isa = PBXFileReference; lastKnownFileType = sourcecode.swift; path = DashboardViewController.swift; sourceTree = "<group>"; };
		3FAFC98727FAAF25007364AC /* SignUpViewController.swift */ = {isa = PBXFileReference; lastKnownFileType = sourcecode.swift; path = SignUpViewController.swift; sourceTree = "<group>"; };
		3FFEB57827EE209A0080C02D /* Digital Health Passport.app */ = {isa = PBXFileReference; explicitFileType = wrapper.application; includeInIndex = 0; path = "Digital Health Passport.app"; sourceTree = BUILT_PRODUCTS_DIR; };
		3FFEB57B27EE209A0080C02D /* AppDelegate.swift */ = {isa = PBXFileReference; lastKnownFileType = sourcecode.swift; path = AppDelegate.swift; sourceTree = "<group>"; };
		3FFEB57D27EE209A0080C02D /* SceneDelegate.swift */ = {isa = PBXFileReference; lastKnownFileType = sourcecode.swift; path = SceneDelegate.swift; sourceTree = "<group>"; };
		3FFEB57F27EE209A0080C02D /* LoginViewController.swift */ = {isa = PBXFileReference; lastKnownFileType = sourcecode.swift; path = LoginViewController.swift; sourceTree = "<group>"; };
		3FFEB58227EE209A0080C02D /* Base */ = {isa = PBXFileReference; lastKnownFileType = file.storyboard; name = Base; path = Base.lproj/Main.storyboard; sourceTree = "<group>"; };
		3FFEB58427EE209B0080C02D /* Assets.xcassets */ = {isa = PBXFileReference; lastKnownFileType = folder.assetcatalog; path = Assets.xcassets; sourceTree = "<group>"; };
		3FFEB58727EE209B0080C02D /* Base */ = {isa = PBXFileReference; lastKnownFileType = file.storyboard; name = Base; path = Base.lproj/LaunchScreen.storyboard; sourceTree = "<group>"; };
		3FFEB58927EE209B0080C02D /* Info.plist */ = {isa = PBXFileReference; lastKnownFileType = text.plist.xml; path = Info.plist; sourceTree = "<group>"; };
		F83785AD28148AFC00BA4271 /* ReportViewController.swift */ = {isa = PBXFileReference; lastKnownFileType = sourcecode.swift; path = ReportViewController.swift; sourceTree = "<group>"; };
		F83785B128149FC500BA4271 /* UIView.xib */ = {isa = PBXFileReference; lastKnownFileType = file.xib; path = UIView.xib; sourceTree = "<group>"; };
		F83785B32814A50100BA4271 /* sample.pdf */ = {isa = PBXFileReference; lastKnownFileType = image.pdf; path = sample.pdf; sourceTree = "<group>"; };
		F83785B52814B3B500BA4271 /* QRViewController.swift */ = {isa = PBXFileReference; lastKnownFileType = sourcecode.swift; path = QRViewController.swift; sourceTree = "<group>"; };
/* End PBXFileReference section */

/* Begin PBXFrameworksBuildPhase section */
		3FFEB57527EE209A0080C02D /* Frameworks */ = {
			isa = PBXFrameworksBuildPhase;
			buildActionMask = 2147483647;
			files = (
				3FAFC94627F4BD3E007364AC /* ArgumentParser in Frameworks */,
			);
			runOnlyForDeploymentPostprocessing = 0;
		};
/* End PBXFrameworksBuildPhase section */

/* Begin PBXGroup section */
		3FAFC98D280095EB007364AC /* New Group */ = {
			isa = PBXGroup;
			children = (
			);
			name = "New Group";
			sourceTree = "<group>";
		};
		3FFEB56F27EE209A0080C02D = {
			isa = PBXGroup;
			children = (
				3FFEB57A27EE209A0080C02D /* Digital Health Passport */,
				3FFEB57927EE209A0080C02D /* Products */,
			);
			sourceTree = "<group>";
		};
		3FFEB57927EE209A0080C02D /* Products */ = {
			isa = PBXGroup;
			children = (
				3FFEB57827EE209A0080C02D /* Digital Health Passport.app */,
			);
			name = Products;
			sourceTree = "<group>";
		};
		3FFEB57A27EE209A0080C02D /* Digital Health Passport */ = {
			isa = PBXGroup;
			children = (
				F83785B32814A50100BA4271 /* sample.pdf */,
				3FAFC98D280095EB007364AC /* New Group */,
				3FFEB57B27EE209A0080C02D /* AppDelegate.swift */,
				3FFEB57D27EE209A0080C02D /* SceneDelegate.swift */,
				3FFEB58127EE209A0080C02D /* Main.storyboard */,
				3FFEB58427EE209B0080C02D /* Assets.xcassets */,
				3FFEB58627EE209B0080C02D /* LaunchScreen.storyboard */,
				3FFEB58927EE209B0080C02D /* Info.plist */,
				3FFEB57F27EE209A0080C02D /* LoginViewController.swift */,
				3F085FA427F40A5B0074C71A /* DashboardViewController.swift */,
				3FAFC98727FAAF25007364AC /* SignUpViewController.swift */,
				F83785AD28148AFC00BA4271 /* ReportViewController.swift */,
				F83785B128149FC500BA4271 /* UIView.xib */,
				F83785B52814B3B500BA4271 /* QRViewController.swift */,
			);
			path = "Digital Health Passport";
			sourceTree = "<group>";
		};
/* End PBXGroup section */

/* Begin PBXNativeTarget section */
		3FFEB57727EE209A0080C02D /* Digital Health Passport */ = {
			isa = PBXNativeTarget;
			buildConfigurationList = 3FFEB58C27EE209B0080C02D /* Build configuration list for PBXNativeTarget "Digital Health Passport" */;
			buildPhases = (
				3FFEB57427EE209A0080C02D /* Sources */,
				3FFEB57527EE209A0080C02D /* Frameworks */,
				3FFEB57627EE209A0080C02D /* Resources */,
			);
			buildRules = (
			);
			dependencies = (
			);
			name = "Digital Health Passport";
			packageProductDependencies = (
				3FAFC94527F4BD3E007364AC /* ArgumentParser */,
			);
			productName = "Digital Health Passport";
			productReference = 3FFEB57827EE209A0080C02D /* Digital Health Passport.app */;
			productType = "com.apple.product-type.application";
		};
/* End PBXNativeTarget section */

/* Begin PBXProject section */
		3FFEB57027EE209A0080C02D /* Project object */ = {
			isa = PBXProject;
			attributes = {
				BuildIndependentTargetsInParallel = 1;
				LastSwiftUpdateCheck = 1320;
				LastUpgradeCheck = 1320;
				TargetAttributes = {
					3FFEB57727EE209A0080C02D = {
						CreatedOnToolsVersion = 13.2.1;
					};
				};
			};
			buildConfigurationList = 3FFEB57327EE209A0080C02D /* Build configuration list for PBXProject "Digital Health Passport" */;
			compatibilityVersion = "Xcode 13.0";
			developmentRegion = en;
			hasScannedForEncodings = 0;
			knownRegions = (
				en,
				Base,
			);
			mainGroup = 3FFEB56F27EE209A0080C02D;
			packageReferences = (
				3FAFC94427F4BD3E007364AC /* XCRemoteSwiftPackageReference "swift-argument-parser" */,
			);
			productRefGroup = 3FFEB57927EE209A0080C02D /* Products */;
			projectDirPath = "";
			projectRoot = "";
			targets = (
				3FFEB57727EE209A0080C02D /* Digital Health Passport */,
			);
		};
/* End PBXProject section */

/* Begin PBXResourcesBuildPhase section */
		3FFEB57627EE209A0080C02D /* Resources */ = {
			isa = PBXResourcesBuildPhase;
			buildActionMask = 2147483647;
			files = (
				F83785B228149FC500BA4271 /* UIView.xib in Resources */,
				3FFEB58827EE209B0080C02D /* LaunchScreen.storyboard in Resources */,
				3FFEB58527EE209B0080C02D /* Assets.xcassets in Resources */,
				3FFEB58327EE209A0080C02D /* Main.storyboard in Resources */,
				F83785B42814A50100BA4271 /* sample.pdf in Resources */,
			);
			runOnlyForDeploymentPostprocessing = 0;
		};
/* End PBXResourcesBuildPhase section */

/* Begin PBXSourcesBuildPhase section */
		3FFEB57427EE209A0080C02D /* Sources */ = {
			isa = PBXSourcesBuildPhase;
			buildActionMask = 2147483647;
			files = (
				F83785AE28148AFC00BA4271 /* ReportViewController.swift in Sources */,
				3FFEB58027EE209A0080C02D /* LoginViewController.swift in Sources */,
				3FFEB57C27EE209A0080C02D /* AppDelegate.swift in Sources */,
				3FFEB57E27EE209A0080C02D /* SceneDelegate.swift in Sources */,
				F83785B62814B3B500BA4271 /* QRViewController.swift in Sources */,
				3F085FA527F40A5B0074C71A /* DashboardViewController.swift in Sources */,
				3FAFC98827FAAF25007364AC /* SignUpViewController.swift in Sources */,
			);
			runOnlyForDeploymentPostprocessing = 0;
		};
/* End PBXSourcesBuildPhase section */

/* Begin PBXVariantGroup section */
		3FFEB58127EE209A0080C02D /* Main.storyboard */ = {
			isa = PBXVariantGroup;
			children = (
				3FFEB58227EE209A0080C02D /* Base */,
			);
			name = Main.storyboard;
			sourceTree = "<group>";
		};
		3FFEB58627EE209B0080C02D /* LaunchScreen.storyboard */ = {
			isa = PBXVariantGroup;
			children = (
				3FFEB58727EE209B0080C02D /* Base */,
			);
			name = LaunchScreen.storyboard;
			sourceTree = "<group>";
		};
/* End PBXVariantGroup section */

/* Begin XCBuildConfiguration section */
		3FFEB58A27EE209B0080C02D /* Debug */ = {
			isa = XCBuildConfiguration;
			buildSettings = {
				ALWAYS_SEARCH_USER_PATHS = NO;
				CLANG_ANALYZER_NONNULL = YES;
				CLANG_ANALYZER_NUMBER_OBJECT_CONVERSION = YES_AGGRESSIVE;
				CLANG_CXX_LANGUAGE_STANDARD = "gnu++17";
				CLANG_CXX_LIBRARY = "libc++";
				CLANG_ENABLE_MODULES = YES;
				CLANG_ENABLE_OBJC_ARC = YES;
				CLANG_ENABLE_OBJC_WEAK = YES;
				CLANG_WARN_BLOCK_CAPTURE_AUTORELEASING = YES;
				CLANG_WARN_BOOL_CONVERSION = YES;
				CLANG_WARN_COMMA = YES;
				CLANG_WARN_CONSTANT_CONVERSION = YES;
				CLANG_WARN_DEPRECATED_OBJC_IMPLEMENTATIONS = YES;
				CLANG_WARN_DIRECT_OBJC_ISA_USAGE = YES_ERROR;
				CLANG_WARN_DOCUMENTATION_COMMENTS = YES;
				CLANG_WARN_EMPTY_BODY = YES;
				CLANG_WARN_ENUM_CONVERSION = YES;
				CLANG_WARN_INFINITE_RECURSION = YES;
				CLANG_WARN_INT_CONVERSION = YES;
				CLANG_WARN_NON_LITERAL_NULL_CONVERSION = YES;
				CLANG_WARN_OBJC_IMPLICIT_RETAIN_SELF = YES;
				CLANG_WARN_OBJC_LITERAL_CONVERSION = YES;
				CLANG_WARN_OBJC_ROOT_CLASS = YES_ERROR;
				CLANG_WARN_QUOTED_INCLUDE_IN_FRAMEWORK_HEADER = YES;
				CLANG_WARN_RANGE_LOOP_ANALYSIS = YES;
				CLANG_WARN_STRICT_PROTOTYPES = YES;
				CLANG_WARN_SUSPICIOUS_MOVE = YES;
				CLANG_WARN_UNGUARDED_AVAILABILITY = YES_AGGRESSIVE;
				CLANG_WARN_UNREACHABLE_CODE = YES;
				CLANG_WARN__DUPLICATE_METHOD_MATCH = YES;
				COPY_PHASE_STRIP = NO;
				DEBUG_INFORMATION_FORMAT = dwarf;
				ENABLE_STRICT_OBJC_MSGSEND = YES;
				ENABLE_TESTABILITY = YES;
				GCC_C_LANGUAGE_STANDARD = gnu11;
				GCC_DYNAMIC_NO_PIC = NO;
				GCC_NO_COMMON_BLOCKS = YES;
				GCC_OPTIMIZATION_LEVEL = 0;
				GCC_PREPROCESSOR_DEFINITIONS = (
					"DEBUG=1",
					"$(inherited)",
				);
				GCC_WARN_64_TO_32_BIT_CONVERSION = YES;
				GCC_WARN_ABOUT_RETURN_TYPE = YES_ERROR;
				GCC_WARN_UNDECLARED_SELECTOR = YES;
				GCC_WARN_UNINITIALIZED_AUTOS = YES_AGGRESSIVE;
				GCC_WARN_UNUSED_FUNCTION = YES;
				GCC_WARN_UNUSED_VARIABLE = YES;
				IPHONEOS_DEPLOYMENT_TARGET = 15.2;
				MTL_ENABLE_DEBUG_INFO = INCLUDE_SOURCE;
				MTL_FAST_MATH = YES;
				ONLY_ACTIVE_ARCH = YES;
				SDKROOT = iphoneos;
				SWIFT_ACTIVE_COMPILATION_CONDITIONS = DEBUG;
				SWIFT_OPTIMIZATION_LEVEL = "-Onone";
			};
			name = Debug;
		};
		3FFEB58B27EE209B0080C02D /* Release */ = {
			isa = XCBuildConfiguration;
			buildSettings = {
				ALWAYS_SEARCH_USER_PATHS = NO;
				CLANG_ANALYZER_NONNULL = YES;
				CLANG_ANALYZER_NUMBER_OBJECT_CONVERSION = YES_AGGRESSIVE;
				CLANG_CXX_LANGUAGE_STANDARD = "gnu++17";
				CLANG_CXX_LIBRARY = "libc++";
				CLANG_ENABLE_MODULES = YES;
				CLANG_ENABLE_OBJC_ARC = YES;
				CLANG_ENABLE_OBJC_WEAK = YES;
				CLANG_WARN_BLOCK_CAPTURE_AUTORELEASING = YES;
				CLANG_WARN_BOOL_CONVERSION = YES;
				CLANG_WARN_COMMA = YES;
				CLANG_WARN_CONSTANT_CONVERSION = YES;
				CLANG_WARN_DEPRECATED_OBJC_IMPLEMENTATIONS = YES;
				CLANG_WARN_DIRECT_OBJC_ISA_USAGE = YES_ERROR;
				CLANG_WARN_DOCUMENTATION_COMMENTS = YES;
				CLANG_WARN_EMPTY_BODY = YES;
				CLANG_WARN_ENUM_CONVERSION = YES;
				CLANG_WARN_INFINITE_RECURSION = YES;
				CLANG_WARN_INT_CONVERSION = YES;
				CLANG_WARN_NON_LITERAL_NULL_CONVERSION = YES;
				CLANG_WARN_OBJC_IMPLICIT_RETAIN_SELF = YES;
				CLANG_WARN_OBJC_LITERAL_CONVERSION = YES;
				CLANG_WARN_OBJC_ROOT_CLASS = YES_ERROR;
				CLANG_WARN_QUOTED_INCLUDE_IN_FRAMEWORK_HEADER = YES;
				CLANG_WARN_RANGE_LOOP_ANALYSIS = YES;
				CLANG_WARN_STRICT_PROTOTYPES = YES;
				CLANG_WARN_SUSPICIOUS_MOVE = YES;
				CLANG_WARN_UNGUARDED_AVAILABILITY = YES_AGGRESSIVE;
				CLANG_WARN_UNREACHABLE_CODE = YES;
				CLANG_WARN__DUPLICATE_METHOD_MATCH = YES;
				COPY_PHASE_STRIP = NO;
				DEBUG_INFORMATION_FORMAT = "dwarf-with-dsym";
				ENABLE_NS_ASSERTIONS = NO;
				ENABLE_STRICT_OBJC_MSGSEND = YES;
				GCC_C_LANGUAGE_STANDARD = gnu11;
				GCC_NO_COMMON_BLOCKS = YES;
				GCC_WARN_64_TO_32_BIT_CONVERSION = YES;
				GCC_WARN_ABOUT_RETURN_TYPE = YES_ERROR;
				GCC_WARN_UNDECLARED_SELECTOR = YES;
				GCC_WARN_UNINITIALIZED_AUTOS = YES_AGGRESSIVE;
				GCC_WARN_UNUSED_FUNCTION = YES;
				GCC_WARN_UNUSED_VARIABLE = YES;
				IPHONEOS_DEPLOYMENT_TARGET = 15.2;
				MTL_ENABLE_DEBUG_INFO = NO;
				MTL_FAST_MATH = YES;
				SDKROOT = iphoneos;
				SWIFT_COMPILATION_MODE = wholemodule;
				SWIFT_OPTIMIZATION_LEVEL = "-O";
				VALIDATE_PRODUCT = YES;
			};
			name = Release;
		};
		3FFEB58D27EE209B0080C02D /* Debug */ = {
			isa = XCBuildConfiguration;
			buildSettings = {
				ASSETCATALOG_COMPILER_APPICON_NAME = AppIcon;
				ASSETCATALOG_COMPILER_GLOBAL_ACCENT_COLOR_NAME = AccentColor;
				CODE_SIGN_STYLE = Automatic;
				CURRENT_PROJECT_VERSION = 1;
				GENERATE_INFOPLIST_FILE = YES;
				INFOPLIST_FILE = "Digital Health Passport/Info.plist";
				INFOPLIST_KEY_CFBundleDisplayName = "Digital Health Passport";
				INFOPLIST_KEY_UIApplicationSupportsIndirectInputEvents = YES;
				INFOPLIST_KEY_UILaunchStoryboardName = LaunchScreen;
				INFOPLIST_KEY_UIMainStoryboardFile = Main;
				INFOPLIST_KEY_UISupportedInterfaceOrientations_iPad = "UIInterfaceOrientationPortrait UIInterfaceOrientationPortraitUpsideDown UIInterfaceOrientationLandscapeLeft UIInterfaceOrientationLandscapeRight";
				INFOPLIST_KEY_UISupportedInterfaceOrientations_iPhone = "UIInterfaceOrientationPortrait UIInterfaceOrientationLandscapeLeft UIInterfaceOrientationLandscapeRight";
				LD_RUNPATH_SEARCH_PATHS = (
					"$(inherited)",
					"@executable_path/Frameworks",
				);
				MARKETING_VERSION = 1.0;
				PRODUCT_BUNDLE_IDENTIFIER = "nwmsu.Digital-Health-Passport";
				PRODUCT_NAME = "$(TARGET_NAME)";
				SWIFT_EMIT_LOC_STRINGS = YES;
				SWIFT_VERSION = 5.0;
				TARGETED_DEVICE_FAMILY = "1,2";
			};
			name = Debug;
		};
		3FFEB58E27EE209B0080C02D /* Release */ = {
			isa = XCBuildConfiguration;
			buildSettings = {
				ASSETCATALOG_COMPILER_APPICON_NAME = AppIcon;
				ASSETCATALOG_COMPILER_GLOBAL_ACCENT_COLOR_NAME = AccentColor;
				CODE_SIGN_STYLE = Automatic;
				CURRENT_PROJECT_VERSION = 1;
				GENERATE_INFOPLIST_FILE = YES;
				INFOPLIST_FILE = "Digital Health Passport/Info.plist";
				INFOPLIST_KEY_CFBundleDisplayName = "Digital Health Passport";
				INFOPLIST_KEY_UIApplicationSupportsIndirectInputEvents = YES;
				INFOPLIST_KEY_UILaunchStoryboardName = LaunchScreen;
				INFOPLIST_KEY_UIMainStoryboardFile = Main;
				INFOPLIST_KEY_UISupportedInterfaceOrientations_iPad = "UIInterfaceOrientationPortrait UIInterfaceOrientationPortraitUpsideDown UIInterfaceOrientationLandscapeLeft UIInterfaceOrientationLandscapeRight";
				INFOPLIST_KEY_UISupportedInterfaceOrientations_iPhone = "UIInterfaceOrientationPortrait UIInterfaceOrientationLandscapeLeft UIInterfaceOrientationLandscapeRight";
				LD_RUNPATH_SEARCH_PATHS = (
					"$(inherited)",
					"@executable_path/Frameworks",
				);
				MARKETING_VERSION = 1.0;
				PRODUCT_BUNDLE_IDENTIFIER = "nwmsu.Digital-Health-Passport";
				PRODUCT_NAME = "$(TARGET_NAME)";
				SWIFT_EMIT_LOC_STRINGS = YES;
				SWIFT_VERSION = 5.0;
				TARGETED_DEVICE_FAMILY = "1,2";
			};
			name = Release;
		};
/* End XCBuildConfiguration section */

/* Begin XCConfigurationList section */
		3FFEB57327EE209A0080C02D /* Build configuration list for PBXProject "Digital Health Passport" */ = {
			isa = XCConfigurationList;
			buildConfigurations = (
				3FFEB58A27EE209B0080C02D /* Debug */,
				3FFEB58B27EE209B0080C02D /* Release */,
			);
			defaultConfigurationIsVisible = 0;
			defaultConfigurationName = Release;
		};
		3FFEB58C27EE209B0080C02D /* Build configuration list for PBXNativeTarget "Digital Health Passport" */ = {
			isa = XCConfigurationList;
			buildConfigurations = (
				3FFEB58D27EE209B0080C02D /* Debug */,
				3FFEB58E27EE209B0080C02D /* Release */,
			);
			defaultConfigurationIsVisible = 0;
			defaultConfigurationName = Release;
		};
/* End XCConfigurationList section */

/* Begin XCRemoteSwiftPackageReference section */
		3FAFC94427F4BD3E007364AC /* XCRemoteSwiftPackageReference "swift-argument-parser" */ = {
			isa = XCRemoteSwiftPackageReference;
			repositoryURL = "https://github.com/apple/swift-argument-parser.git";
			requirement = {
				kind = upToNextMajorVersion;
				minimumVersion = 1.0.0;
			};
		};
/* End XCRemoteSwiftPackageReference section */

/* Begin XCSwiftPackageProductDependency section */
		3FAFC94527F4BD3E007364AC /* ArgumentParser */ = {
			isa = XCSwiftPackageProductDependency;
			package = 3FAFC94427F4BD3E007364AC /* XCRemoteSwiftPackageReference "swift-argument-parser" */;
			productName = ArgumentParser;
		};
/* End XCSwiftPackageProductDependency section */
	};
	rootObject = 3FFEB57027EE209A0080C02D /* Project object */;
}
